// !$*UTF8*$!
{
	archiveVersion = 1;
	classes = {
	};
	objectVersion = 46;
	objects = {

/* Begin PBXBuildFile section */
		929E1CF66430D58CBB94B5E1 /* libPods-PasswordFactory.a in Frameworks */ = {isa = PBXBuildFile; fileRef = B42C0FB3FA08C263019EB781 /* libPods-PasswordFactory.a */; };
		BC1E5BA85C8B4B298B6F39BD /* libPods-PasswordFactoryTests.a in Frameworks */ = {isa = PBXBuildFile; fileRef = 2B3A39748178586A7E3F79B4 /* libPods-PasswordFactoryTests.a */; };
		C9B95F921F32C1BD001B5798 /* main.m in Sources */ = {isa = PBXBuildFile; fileRef = C9B95F911F32C1BD001B5798 /* main.m */; };
		C9B95F951F32C1BD001B5798 /* AppDelegate.m in Sources */ = {isa = PBXBuildFile; fileRef = C9B95F941F32C1BD001B5798 /* AppDelegate.m */; };
		C9B95F981F32C1BD001B5798 /* ViewController.m in Sources */ = {isa = PBXBuildFile; fileRef = C9B95F971F32C1BD001B5798 /* ViewController.m */; };
		C9B95F9B1F32C1BD001B5798 /* Main.storyboard in Resources */ = {isa = PBXBuildFile; fileRef = C9B95F991F32C1BD001B5798 /* Main.storyboard */; };
		C9B95F9D1F32C1BD001B5798 /* Assets.xcassets in Resources */ = {isa = PBXBuildFile; fileRef = C9B95F9C1F32C1BD001B5798 /* Assets.xcassets */; };
		C9B95FA01F32C1BD001B5798 /* LaunchScreen.storyboard in Resources */ = {isa = PBXBuildFile; fileRef = C9B95F9E1F32C1BD001B5798 /* LaunchScreen.storyboard */; };
		C9B95FAB1F32C1BD001B5798 /* PasswordFactoryTests.m in Sources */ = {isa = PBXBuildFile; fileRef = C9B95FAA1F32C1BD001B5798 /* PasswordFactoryTests.m */; };
		C9B95FB61F32C1BD001B5798 /* PasswordFactoryUITests.m in Sources */ = {isa = PBXBuildFile; fileRef = C9B95FB51F32C1BD001B5798 /* PasswordFactoryUITests.m */; };
		D9F032C5F4BCBBD67BC900A3 /* libPods-PasswordFactoryUITests.a in Frameworks */ = {isa = PBXBuildFile; fileRef = E365688B8910F913C3C7A978 /* libPods-PasswordFactoryUITests.a */; };
/* End PBXBuildFile section */

/* Begin PBXContainerItemProxy section */
		C9B95FA71F32C1BD001B5798 /* PBXContainerItemProxy */ = {
			isa = PBXContainerItemProxy;
			containerPortal = C9B95F851F32C1BD001B5798 /* Project object */;
			proxyType = 1;
			remoteGlobalIDString = C9B95F8C1F32C1BD001B5798;
			remoteInfo = PasswordFactory;
		};
		C9B95FB21F32C1BD001B5798 /* PBXContainerItemProxy */ = {
			isa = PBXContainerItemProxy;
			containerPortal = C9B95F851F32C1BD001B5798 /* Project object */;
			proxyType = 1;
			remoteGlobalIDString = C9B95F8C1F32C1BD001B5798;
			remoteInfo = PasswordFactory;
		};
/* End PBXContainerItemProxy section */

/* Begin PBXFileReference section */
		1D53815973432F60AC1C11A8 /* Pods-PasswordFactory.release.xcconfig */ = {isa = PBXFileReference; includeInIndex = 1; lastKnownFileType = text.xcconfig; name = "Pods-PasswordFactory.release.xcconfig"; path = "Pods/Target Support Files/Pods-PasswordFactory/Pods-PasswordFactory.release.xcconfig"; sourceTree = "<group>"; };
		2B3A39748178586A7E3F79B4 /* libPods-PasswordFactoryTests.a */ = {isa = PBXFileReference; explicitFileType = archive.ar; includeInIndex = 0; path = "libPods-PasswordFactoryTests.a"; sourceTree = BUILT_PRODUCTS_DIR; };
		36C1C15986779B62AC293155 /* Pods-PasswordFactoryUITests.debug.xcconfig */ = {isa = PBXFileReference; includeInIndex = 1; lastKnownFileType = text.xcconfig; name = "Pods-PasswordFactoryUITests.debug.xcconfig"; path = "Pods/Target Support Files/Pods-PasswordFactoryUITests/Pods-PasswordFactoryUITests.debug.xcconfig"; sourceTree = "<group>"; };
		A3DCEC375CCF7713D3651DE3 /* Pods-PasswordFactory.debug.xcconfig */ = {isa = PBXFileReference; includeInIndex = 1; lastKnownFileType = text.xcconfig; name = "Pods-PasswordFactory.debug.xcconfig"; path = "Pods/Target Support Files/Pods-PasswordFactory/Pods-PasswordFactory.debug.xcconfig"; sourceTree = "<group>"; };
		B42C0FB3FA08C263019EB781 /* libPods-PasswordFactory.a */ = {isa = PBXFileReference; explicitFileType = archive.ar; includeInIndex = 0; path = "libPods-PasswordFactory.a"; sourceTree = BUILT_PRODUCTS_DIR; };
		B5135270438D56CC8773AFB0 /* Pods-PasswordFactoryTests.release.xcconfig */ = {isa = PBXFileReference; includeInIndex = 1; lastKnownFileType = text.xcconfig; name = "Pods-PasswordFactoryTests.release.xcconfig"; path = "Pods/Target Support Files/Pods-PasswordFactoryTests/Pods-PasswordFactoryTests.release.xcconfig"; sourceTree = "<group>"; };
		BE63DE994D4282161DEF73B6 /* Pods-PasswordFactoryUITests.release.xcconfig */ = {isa = PBXFileReference; includeInIndex = 1; lastKnownFileType = text.xcconfig; name = "Pods-PasswordFactoryUITests.release.xcconfig"; path = "Pods/Target Support Files/Pods-PasswordFactoryUITests/Pods-PasswordFactoryUITests.release.xcconfig"; sourceTree = "<group>"; };
		C9B95F8D1F32C1BD001B5798 /* PasswordFactory.app */ = {isa = PBXFileReference; explicitFileType = wrapper.application; includeInIndex = 0; path = PasswordFactory.app; sourceTree = BUILT_PRODUCTS_DIR; };
		C9B95F911F32C1BD001B5798 /* main.m */ = {isa = PBXFileReference; lastKnownFileType = sourcecode.c.objc; path = main.m; sourceTree = "<group>"; };
		C9B95F931F32C1BD001B5798 /* AppDelegate.h */ = {isa = PBXFileReference; lastKnownFileType = sourcecode.c.h; path = AppDelegate.h; sourceTree = "<group>"; };
		C9B95F941F32C1BD001B5798 /* AppDelegate.m */ = {isa = PBXFileReference; lastKnownFileType = sourcecode.c.objc; path = AppDelegate.m; sourceTree = "<group>"; };
		C9B95F961F32C1BD001B5798 /* ViewController.h */ = {isa = PBXFileReference; lastKnownFileType = sourcecode.c.h; path = ViewController.h; sourceTree = "<group>"; };
		C9B95F971F32C1BD001B5798 /* ViewController.m */ = {isa = PBXFileReference; lastKnownFileType = sourcecode.c.objc; path = ViewController.m; sourceTree = "<group>"; };
		C9B95F9A1F32C1BD001B5798 /* Base */ = {isa = PBXFileReference; lastKnownFileType = file.storyboard; name = Base; path = Base.lproj/Main.storyboard; sourceTree = "<group>"; };
		C9B95F9C1F32C1BD001B5798 /* Assets.xcassets */ = {isa = PBXFileReference; lastKnownFileType = folder.assetcatalog; path = Assets.xcassets; sourceTree = "<group>"; };
		C9B95F9F1F32C1BD001B5798 /* Base */ = {isa = PBXFileReference; lastKnownFileType = file.storyboard; name = Base; path = Base.lproj/LaunchScreen.storyboard; sourceTree = "<group>"; };
		C9B95FA11F32C1BD001B5798 /* Info.plist */ = {isa = PBXFileReference; lastKnownFileType = text.plist.xml; path = Info.plist; sourceTree = "<group>"; };
		C9B95FA61F32C1BD001B5798 /* PasswordFactoryTests.xctest */ = {isa = PBXFileReference; explicitFileType = wrapper.cfbundle; includeInIndex = 0; path = PasswordFactoryTests.xctest; sourceTree = BUILT_PRODUCTS_DIR; };
		C9B95FAA1F32C1BD001B5798 /* PasswordFactoryTests.m */ = {isa = PBXFileReference; lastKnownFileType = sourcecode.c.objc; path = PasswordFactoryTests.m; sourceTree = "<group>"; };
		C9B95FAC1F32C1BD001B5798 /* Info.plist */ = {isa = PBXFileReference; lastKnownFileType = text.plist.xml; path = Info.plist; sourceTree = "<group>"; };
		C9B95FB11F32C1BD001B5798 /* PasswordFactoryUITests.xctest */ = {isa = PBXFileReference; explicitFileType = wrapper.cfbundle; includeInIndex = 0; path = PasswordFactoryUITests.xctest; sourceTree = BUILT_PRODUCTS_DIR; };
		C9B95FB51F32C1BD001B5798 /* PasswordFactoryUITests.m */ = {isa = PBXFileReference; lastKnownFileType = sourcecode.c.objc; path = PasswordFactoryUITests.m; sourceTree = "<group>"; };
		C9B95FB71F32C1BD001B5798 /* Info.plist */ = {isa = PBXFileReference; lastKnownFileType = text.plist.xml; path = Info.plist; sourceTree = "<group>"; };
		E365688B8910F913C3C7A978 /* libPods-PasswordFactoryUITests.a */ = {isa = PBXFileReference; explicitFileType = archive.ar; includeInIndex = 0; path = "libPods-PasswordFactoryUITests.a"; sourceTree = BUILT_PRODUCTS_DIR; };
		FC4BD42C8CCA1C9A600EEE54 /* Pods-PasswordFactoryTests.debug.xcconfig */ = {isa = PBXFileReference; includeInIndex = 1; lastKnownFileType = text.xcconfig; name = "Pods-PasswordFactoryTests.debug.xcconfig"; path = "Pods/Target Support Files/Pods-PasswordFactoryTests/Pods-PasswordFactoryTests.debug.xcconfig"; sourceTree = "<group>"; };
/* End PBXFileReference section */

/* Begin PBXFrameworksBuildPhase section */
		C9B95F8A1F32C1BD001B5798 /* Frameworks */ = {
			isa = PBXFrameworksBuildPhase;
			buildActionMask = 2147483647;
			files = (
				929E1CF66430D58CBB94B5E1 /* libPods-PasswordFactory.a in Frameworks */,
			);
			runOnlyForDeploymentPostprocessing = 0;
		};
		C9B95FA31F32C1BD001B5798 /* Frameworks */ = {
			isa = PBXFrameworksBuildPhase;
			buildActionMask = 2147483647;
			files = (
				BC1E5BA85C8B4B298B6F39BD /* libPods-PasswordFactoryTests.a in Frameworks */,
			);
			runOnlyForDeploymentPostprocessing = 0;
		};
		C9B95FAE1F32C1BD001B5798 /* Frameworks */ = {
			isa = PBXFrameworksBuildPhase;
			buildActionMask = 2147483647;
			files = (
				D9F032C5F4BCBBD67BC900A3 /* libPods-PasswordFactoryUITests.a in Frameworks */,
			);
			runOnlyForDeploymentPostprocessing = 0;
		};
/* End PBXFrameworksBuildPhase section */

/* Begin PBXGroup section */
		98BCD7859ED3CA920279F986 /* Pods */ = {
			isa = PBXGroup;
			children = (
				A3DCEC375CCF7713D3651DE3 /* Pods-PasswordFactory.debug.xcconfig */,
				1D53815973432F60AC1C11A8 /* Pods-PasswordFactory.release.xcconfig */,
				FC4BD42C8CCA1C9A600EEE54 /* Pods-PasswordFactoryTests.debug.xcconfig */,
				B5135270438D56CC8773AFB0 /* Pods-PasswordFactoryTests.release.xcconfig */,
				36C1C15986779B62AC293155 /* Pods-PasswordFactoryUITests.debug.xcconfig */,
				BE63DE994D4282161DEF73B6 /* Pods-PasswordFactoryUITests.release.xcconfig */,
			);
			name = Pods;
			sourceTree = "<group>";
		};
		B66B1458DA42BE084F0ED6AC /* Frameworks */ = {
			isa = PBXGroup;
			children = (
				B42C0FB3FA08C263019EB781 /* libPods-PasswordFactory.a */,
				2B3A39748178586A7E3F79B4 /* libPods-PasswordFactoryTests.a */,
				E365688B8910F913C3C7A978 /* libPods-PasswordFactoryUITests.a */,
			);
			name = Frameworks;
			sourceTree = "<group>";
		};
		C9B95F841F32C1BD001B5798 = {
			isa = PBXGroup;
			children = (
				C9B95F8F1F32C1BD001B5798 /* PasswordFactory */,
				C9B95FA91F32C1BD001B5798 /* PasswordFactoryTests */,
				C9B95FB41F32C1BD001B5798 /* PasswordFactoryUITests */,
				C9B95F8E1F32C1BD001B5798 /* Products */,
				98BCD7859ED3CA920279F986 /* Pods */,
				B66B1458DA42BE084F0ED6AC /* Frameworks */,
			);
			sourceTree = "<group>";
		};
		C9B95F8E1F32C1BD001B5798 /* Products */ = {
			isa = PBXGroup;
			children = (
				C9B95F8D1F32C1BD001B5798 /* PasswordFactory.app */,
				C9B95FA61F32C1BD001B5798 /* PasswordFactoryTests.xctest */,
				C9B95FB11F32C1BD001B5798 /* PasswordFactoryUITests.xctest */,
			);
			name = Products;
			sourceTree = "<group>";
		};
		C9B95F8F1F32C1BD001B5798 /* PasswordFactory */ = {
			isa = PBXGroup;
			children = (
				C9B95F931F32C1BD001B5798 /* AppDelegate.h */,
				C9B95F941F32C1BD001B5798 /* AppDelegate.m */,
				C9B95F961F32C1BD001B5798 /* ViewController.h */,
				C9B95F971F32C1BD001B5798 /* ViewController.m */,
				C9B95F991F32C1BD001B5798 /* Main.storyboard */,
				C9B95F9C1F32C1BD001B5798 /* Assets.xcassets */,
				C9B95F9E1F32C1BD001B5798 /* LaunchScreen.storyboard */,
				C9B95FA11F32C1BD001B5798 /* Info.plist */,
				C9B95F901F32C1BD001B5798 /* Supporting Files */,
			);
			path = PasswordFactory;
			sourceTree = "<group>";
		};
		C9B95F901F32C1BD001B5798 /* Supporting Files */ = {
			isa = PBXGroup;
			children = (
				C9B95F911F32C1BD001B5798 /* main.m */,
			);
			name = "Supporting Files";
			sourceTree = "<group>";
		};
		C9B95FA91F32C1BD001B5798 /* PasswordFactoryTests */ = {
			isa = PBXGroup;
			children = (
				C9B95FAA1F32C1BD001B5798 /* PasswordFactoryTests.m */,
				C9B95FAC1F32C1BD001B5798 /* Info.plist */,
			);
			path = PasswordFactoryTests;
			sourceTree = "<group>";
		};
		C9B95FB41F32C1BD001B5798 /* PasswordFactoryUITests */ = {
			isa = PBXGroup;
			children = (
				C9B95FB51F32C1BD001B5798 /* PasswordFactoryUITests.m */,
				C9B95FB71F32C1BD001B5798 /* Info.plist */,
			);
			path = PasswordFactoryUITests;
			sourceTree = "<group>";
		};
/* End PBXGroup section */

/* Begin PBXNativeTarget section */
		C9B95F8C1F32C1BD001B5798 /* PasswordFactory */ = {
			isa = PBXNativeTarget;
			buildConfigurationList = C9B95FBA1F32C1BD001B5798 /* Build configuration list for PBXNativeTarget "PasswordFactory" */;
			buildPhases = (
				62A04AF96FFE8C728C1F40C9 /* [CP] Check Pods Manifest.lock */,
				C9B95F891F32C1BD001B5798 /* Sources */,
				C9B95F8A1F32C1BD001B5798 /* Frameworks */,
				C9B95F8B1F32C1BD001B5798 /* Resources */,
				890C13727FF5079085D99A5A /* [CP] Embed Pods Frameworks */,
				837992E595C2BB9568E54CB4 /* [CP] Copy Pods Resources */,
			);
			buildRules = (
			);
			dependencies = (
			);
			name = PasswordFactory;
			productName = PasswordFactory;
			productReference = C9B95F8D1F32C1BD001B5798 /* PasswordFactory.app */;
			productType = "com.apple.product-type.application";
		};
		C9B95FA51F32C1BD001B5798 /* PasswordFactoryTests */ = {
			isa = PBXNativeTarget;
			buildConfigurationList = C9B95FBD1F32C1BD001B5798 /* Build configuration list for PBXNativeTarget "PasswordFactoryTests" */;
			buildPhases = (
				3A63E45A8F343A793BEDF961 /* [CP] Check Pods Manifest.lock */,
				C9B95FA21F32C1BD001B5798 /* Sources */,
				C9B95FA31F32C1BD001B5798 /* Frameworks */,
				C9B95FA41F32C1BD001B5798 /* Resources */,
				783635381B13BCBF00CAADCB /* [CP] Embed Pods Frameworks */,
				689D4126C234D9FD1128E2A9 /* [CP] Copy Pods Resources */,
			);
			buildRules = (
			);
			dependencies = (
				C9B95FA81F32C1BD001B5798 /* PBXTargetDependency */,
			);
			name = PasswordFactoryTests;
			productName = PasswordFactoryTests;
			productReference = C9B95FA61F32C1BD001B5798 /* PasswordFactoryTests.xctest */;
			productType = "com.apple.product-type.bundle.unit-test";
		};
		C9B95FB01F32C1BD001B5798 /* PasswordFactoryUITests */ = {
			isa = PBXNativeTarget;
			buildConfigurationList = C9B95FC01F32C1BD001B5798 /* Build configuration list for PBXNativeTarget "PasswordFactoryUITests" */;
			buildPhases = (
				9C33EF3269280FF726BF2D46 /* [CP] Check Pods Manifest.lock */,
				C9B95FAD1F32C1BD001B5798 /* Sources */,
				C9B95FAE1F32C1BD001B5798 /* Frameworks */,
				C9B95FAF1F32C1BD001B5798 /* Resources */,
				068713DFA740EAEE2998AA2D /* [CP] Embed Pods Frameworks */,
				24CE1802B6D7295FE87D6185 /* [CP] Copy Pods Resources */,
			);
			buildRules = (
			);
			dependencies = (
				C9B95FB31F32C1BD001B5798 /* PBXTargetDependency */,
			);
			name = PasswordFactoryUITests;
			productName = PasswordFactoryUITests;
			productReference = C9B95FB11F32C1BD001B5798 /* PasswordFactoryUITests.xctest */;
			productType = "com.apple.product-type.bundle.ui-testing";
		};
/* End PBXNativeTarget section */

/* Begin PBXProject section */
		C9B95F851F32C1BD001B5798 /* Project object */ = {
			isa = PBXProject;
			attributes = {
				LastUpgradeCheck = 0830;
				ORGANIZATIONNAME = lilac;
				TargetAttributes = {
					C9B95F8C1F32C1BD001B5798 = {
						CreatedOnToolsVersion = 8.3.3;
						DevelopmentTeam = V6YC8HY3H7;
						ProvisioningStyle = Automatic;
					};
					C9B95FA51F32C1BD001B5798 = {
						CreatedOnToolsVersion = 8.3.3;
						DevelopmentTeam = V6YC8HY3H7;
						ProvisioningStyle = Automatic;
						TestTargetID = C9B95F8C1F32C1BD001B5798;
					};
					C9B95FB01F32C1BD001B5798 = {
						CreatedOnToolsVersion = 8.3.3;
						DevelopmentTeam = V6YC8HY3H7;
						ProvisioningStyle = Automatic;
						TestTargetID = C9B95F8C1F32C1BD001B5798;
					};
				};
			};
			buildConfigurationList = C9B95F881F32C1BD001B5798 /* Build configuration list for PBXProject "PasswordFactory" */;
			compatibilityVersion = "Xcode 3.2";
			developmentRegion = English;
			hasScannedForEncodings = 0;
			knownRegions = (
				en,
				Base,
			);
			mainGroup = C9B95F841F32C1BD001B5798;
			productRefGroup = C9B95F8E1F32C1BD001B5798 /* Products */;
			projectDirPath = "";
			projectRoot = "";
			targets = (
				C9B95F8C1F32C1BD001B5798 /* PasswordFactory */,
				C9B95FA51F32C1BD001B5798 /* PasswordFactoryTests */,
				C9B95FB01F32C1BD001B5798 /* PasswordFactoryUITests */,
			);
		};
/* End PBXProject section */

/* Begin PBXResourcesBuildPhase section */
		C9B95F8B1F32C1BD001B5798 /* Resources */ = {
			isa = PBXResourcesBuildPhase;
			buildActionMask = 2147483647;
			files = (
				C9B95FA01F32C1BD001B5798 /* LaunchScreen.storyboard in Resources */,
				C9B95F9D1F32C1BD001B5798 /* Assets.xcassets in Resources */,
				C9B95F9B1F32C1BD001B5798 /* Main.storyboard in Resources */,
			);
			runOnlyForDeploymentPostprocessing = 0;
		};
		C9B95FA41F32C1BD001B5798 /* Resources */ = {
			isa = PBXResourcesBuildPhase;
			buildActionMask = 2147483647;
			files = (
			);
			runOnlyForDeploymentPostprocessing = 0;
		};
		C9B95FAF1F32C1BD001B5798 /* Resources */ = {
			isa = PBXResourcesBuildPhase;
			buildActionMask = 2147483647;
			files = (
			);
			runOnlyForDeploymentPostprocessing = 0;
		};
/* End PBXResourcesBuildPhase section */

/* Begin PBXShellScriptBuildPhase section */
		068713DFA740EAEE2998AA2D /* [CP] Embed Pods Frameworks */ = {
			isa = PBXShellScriptBuildPhase;
			buildActionMask = 2147483647;
			files = (
			);
			inputPaths = (
			);
			name = "[CP] Embed Pods Frameworks";
			outputPaths = (
			);
			runOnlyForDeploymentPostprocessing = 0;
			shellPath = /bin/sh;
			shellScript = "\"${SRCROOT}/Pods/Target Support Files/Pods-PasswordFactoryUITests/Pods-PasswordFactoryUITests-frameworks.sh\"\n";
			showEnvVarsInLog = 0;
		};
		24CE1802B6D7295FE87D6185 /* [CP] Copy Pods Resources */ = {
			isa = PBXShellScriptBuildPhase;
			buildActionMask = 2147483647;
			files = (
			);
			inputPaths = (
			);
			name = "[CP] Copy Pods Resources";
			outputPaths = (
			);
			runOnlyForDeploymentPostprocessing = 0;
			shellPath = /bin/sh;
			shellScript = "\"${SRCROOT}/Pods/Target Support Files/Pods-PasswordFactoryUITests/Pods-PasswordFactoryUITests-resources.sh\"\n";
			showEnvVarsInLog = 0;
		};
		3A63E45A8F343A793BEDF961 /* [CP] Check Pods Manifest.lock */ = {
			isa = PBXShellScriptBuildPhase;
			buildActionMask = 2147483647;
			files = (
			);
			inputPaths = (
			);
			name = "[CP] Check Pods Manifest.lock";
			outputPaths = (
			);
			runOnlyForDeploymentPostprocessing = 0;
			shellPath = /bin/sh;
			shellScript = "diff \"${PODS_ROOT}/../Podfile.lock\" \"${PODS_ROOT}/Manifest.lock\" > /dev/null\nif [ $? != 0 ] ; then\n    # print error to STDERR\n    echo \"error: The sandbox is not in sync with the Podfile.lock. Run 'pod install' or update your CocoaPods installation.\" >&2\n    exit 1\nfi\n";
			showEnvVarsInLog = 0;
		};
		62A04AF96FFE8C728C1F40C9 /* [CP] Check Pods Manifest.lock */ = {
			isa = PBXShellScriptBuildPhase;
			buildActionMask = 2147483647;
			files = (
			);
			inputPaths = (
			);
			name = "[CP] Check Pods Manifest.lock";
			outputPaths = (
			);
			runOnlyForDeploymentPostprocessing = 0;
			shellPath = /bin/sh;
			shellScript = "diff \"${PODS_ROOT}/../Podfile.lock\" \"${PODS_ROOT}/Manifest.lock\" > /dev/null\nif [ $? != 0 ] ; then\n    # print error to STDERR\n    echo \"error: The sandbox is not in sync with the Podfile.lock. Run 'pod install' or update your CocoaPods installation.\" >&2\n    exit 1\nfi\n";
			showEnvVarsInLog = 0;
		};
		689D4126C234D9FD1128E2A9 /* [CP] Copy Pods Resources */ = {
			isa = PBXShellScriptBuildPhase;
			buildActionMask = 2147483647;
			files = (
			);
			inputPaths = (
			);
			name = "[CP] Copy Pods Resources";
			outputPaths = (
			);
			runOnlyForDeploymentPostprocessing = 0;
			shellPath = /bin/sh;
			shellScript = "\"${SRCROOT}/Pods/Target Support Files/Pods-PasswordFactoryTests/Pods-PasswordFactoryTests-resources.sh\"\n";
			showEnvVarsInLog = 0;
		};
		783635381B13BCBF00CAADCB /* [CP] Embed Pods Frameworks */ = {
			isa = PBXShellScriptBuildPhase;
			buildActionMask = 2147483647;
			files = (
			);
			inputPaths = (
			);
			name = "[CP] Embed Pods Frameworks";
			outputPaths = (
			);
			runOnlyForDeploymentPostprocessing = 0;
			shellPath = /bin/sh;
			shellScript = "\"${SRCROOT}/Pods/Target Support Files/Pods-PasswordFactoryTests/Pods-PasswordFactoryTests-frameworks.sh\"\n";
			showEnvVarsInLog = 0;
		};
		837992E595C2BB9568E54CB4 /* [CP] Copy Pods Resources */ = {
			isa = PBXShellScriptBuildPhase;
			buildActionMask = 2147483647;
			files = (
			);
			inputPaths = (
			);
			name = "[CP] Copy Pods Resources";
			outputPaths = (
			);
			runOnlyForDeploymentPostprocessing = 0;
			shellPath = /bin/sh;
			shellScript = "\"${SRCROOT}/Pods/Target Support Files/Pods-PasswordFactory/Pods-PasswordFactory-resources.sh\"\n";
			showEnvVarsInLog = 0;
		};
		890C13727FF5079085D99A5A /* [CP] Embed Pods Frameworks */ = {
			isa = PBXShellScriptBuildPhase;
			buildActionMask = 2147483647;
			files = (
			);
			inputPaths = (
			);
			name = "[CP] Embed Pods Frameworks";
			outputPaths = (
			);
			runOnlyForDeploymentPostprocessing = 0;
			shellPath = /bin/sh;
			shellScript = "\"${SRCROOT}/Pods/Target Support Files/Pods-PasswordFactory/Pods-PasswordFactory-frameworks.sh\"\n";
			showEnvVarsInLog = 0;
		};
		9C33EF3269280FF726BF2D46 /* [CP] Check Pods Manifest.lock */ = {
			isa = PBXShellScriptBuildPhase;
			buildActionMask = 2147483647;
			files = (
			);
			inputPaths = (
			);
			name = "[CP] Check Pods Manifest.lock";
			outputPaths = (
			);
			runOnlyForDeploymentPostprocessing = 0;
			shellPath = /bin/sh;
			shellScript = "diff \"${PODS_ROOT}/../Podfile.lock\" \"${PODS_ROOT}/Manifest.lock\" > /dev/null\nif [ $? != 0 ] ; then\n    # print error to STDERR\n    echo \"error: The sandbox is not in sync with the Podfile.lock. Run 'pod install' or update your CocoaPods installation.\" >&2\n    exit 1\nfi\n";
			showEnvVarsInLog = 0;
		};
/* End PBXShellScriptBuildPhase section */

/* Begin PBXSourcesBuildPhase section */
		C9B95F891F32C1BD001B5798 /* Sources */ = {
			isa = PBXSourcesBuildPhase;
			buildActionMask = 2147483647;
			files = (
				C9B95F981F32C1BD001B5798 /* ViewController.m in Sources */,
				C9B95F951F32C1BD001B5798 /* AppDelegate.m in Sources */,
				C9B95F921F32C1BD001B5798 /* main.m in Sources */,
			);
			runOnlyForDeploymentPostprocessing = 0;
		};
		C9B95FA21F32C1BD001B5798 /* Sources */ = {
			isa = PBXSourcesBuildPhase;
			buildActionMask = 2147483647;
			files = (
				C9B95FAB1F32C1BD001B5798 /* PasswordFactoryTests.m in Sources */,
			);
			runOnlyForDeploymentPostprocessing = 0;
		};
		C9B95FAD1F32C1BD001B5798 /* Sources */ = {
			isa = PBXSourcesBuildPhase;
			buildActionMask = 2147483647;
			files = (
				C9B95FB61F32C1BD001B5798 /* PasswordFactoryUITests.m in Sources */,
			);
			runOnlyForDeploymentPostprocessing = 0;
		};
/* End PBXSourcesBuildPhase section */

/* Begin PBXTargetDependency section */
		C9B95FA81F32C1BD001B5798 /* PBXTargetDependency */ = {
			isa = PBXTargetDependency;
			target = C9B95F8C1F32C1BD001B5798 /* PasswordFactory */;
			targetProxy = C9B95FA71F32C1BD001B5798 /* PBXContainerItemProxy */;
		};
		C9B95FB31F32C1BD001B5798 /* PBXTargetDependency */ = {
			isa = PBXTargetDependency;
			target = C9B95F8C1F32C1BD001B5798 /* PasswordFactory */;
			targetProxy = C9B95FB21F32C1BD001B5798 /* PBXContainerItemProxy */;
		};
/* End PBXTargetDependency section */

/* Begin PBXVariantGroup section */
		C9B95F991F32C1BD001B5798 /* Main.storyboard */ = {
			isa = PBXVariantGroup;
			children = (
				C9B95F9A1F32C1BD001B5798 /* Base */,
			);
			name = Main.storyboard;
			sourceTree = "<group>";
		};
		C9B95F9E1F32C1BD001B5798 /* LaunchScreen.storyboard */ = {
			isa = PBXVariantGroup;
			children = (
				C9B95F9F1F32C1BD001B5798 /* Base */,
			);
			name = LaunchScreen.storyboard;
			sourceTree = "<group>";
		};
/* End PBXVariantGroup section */

/* Begin XCBuildConfiguration section */
		C9B95FB81F32C1BD001B5798 /* Debug */ = {
			isa = XCBuildConfiguration;
			buildSettings = {
				ALWAYS_SEARCH_USER_PATHS = NO;
				CLANG_ANALYZER_NONNULL = YES;
				CLANG_ANALYZER_NUMBER_OBJECT_CONVERSION = YES_AGGRESSIVE;
				CLANG_CXX_LANGUAGE_STANDARD = "gnu++0x";
				CLANG_CXX_LIBRARY = "libc++";
				CLANG_ENABLE_MODULES = YES;
				CLANG_ENABLE_OBJC_ARC = YES;
				CLANG_WARN_BOOL_CONVERSION = YES;
				CLANG_WARN_CONSTANT_CONVERSION = YES;
				CLANG_WARN_DIRECT_OBJC_ISA_USAGE = YES_ERROR;
				CLANG_WARN_DOCUMENTATION_COMMENTS = YES;
				CLANG_WARN_EMPTY_BODY = YES;
				CLANG_WARN_ENUM_CONVERSION = YES;
				CLANG_WARN_INFINITE_RECURSION = YES;
				CLANG_WARN_INT_CONVERSION = YES;
				CLANG_WARN_OBJC_ROOT_CLASS = YES_ERROR;
				CLANG_WARN_SUSPICIOUS_MOVE = YES;
				CLANG_WARN_UNREACHABLE_CODE = YES;
				CLANG_WARN__DUPLICATE_METHOD_MATCH = YES;
				"CODE_SIGN_IDENTITY[sdk=iphoneos*]" = "iPhone Developer";
				COPY_PHASE_STRIP = NO;
				DEBUG_INFORMATION_FORMAT = dwarf;
				ENABLE_STRICT_OBJC_MSGSEND = YES;
				ENABLE_TESTABILITY = YES;
				GCC_C_LANGUAGE_STANDARD = gnu99;
				GCC_DYNAMIC_NO_PIC = NO;
				GCC_NO_COMMON_BLOCKS = YES;
				GCC_OPTIMIZATION_LEVEL = 0;
				GCC_PREPROCESSOR_DEFINITIONS = (
					"DEBUG=1",
					"$(inherited)",
				);
				GCC_WARN_64_TO_32_BIT_CONVERSION = YES;
				GCC_WARN_ABOUT_RETURN_TYPE = YES_ERROR;
				GCC_WARN_UNDECLARED_SELECTOR = YES;
				GCC_WARN_UNINITIALIZED_AUTOS = YES_AGGRESSIVE;
				GCC_WARN_UNUSED_FUNCTION = YES;
				GCC_WARN_UNUSED_VARIABLE = YES;
				IPHONEOS_DEPLOYMENT_TARGET = 10.3;
				MTL_ENABLE_DEBUG_INFO = YES;
				ONLY_ACTIVE_ARCH = YES;
				SDKROOT = iphoneos;
				TARGETED_DEVICE_FAMILY = "1,2";
			};
			name = Debug;
		};
		C9B95FB91F32C1BD001B5798 /* Release */ = {
			isa = XCBuildConfiguration;
			buildSettings = {
				ALWAYS_SEARCH_USER_PATHS = NO;
				CLANG_ANALYZER_NONNULL = YES;
				CLANG_ANALYZER_NUMBER_OBJECT_CONVERSION = YES_AGGRESSIVE;
				CLANG_CXX_LANGUAGE_STANDARD = "gnu++0x";
				CLANG_CXX_LIBRARY = "libc++";
				CLANG_ENABLE_MODULES = YES;
				CLANG_ENABLE_OBJC_ARC = YES;
				CLANG_WARN_BOOL_CONVERSION = YES;
				CLANG_WARN_CONSTANT_CONVERSION = YES;
				CLANG_WARN_DIRECT_OBJC_ISA_USAGE = YES_ERROR;
				CLANG_WARN_DOCUMENTATION_COMMENTS = YES;
				CLANG_WARN_EMPTY_BODY = YES;
				CLANG_WARN_ENUM_CONVERSION = YES;
				CLANG_WARN_INFINITE_RECURSION = YES;
				CLANG_WARN_INT_CONVERSION = YES;
				CLANG_WARN_OBJC_ROOT_CLASS = YES_ERROR;
				CLANG_WARN_SUSPICIOUS_MOVE = YES;
				CLANG_WARN_UNREACHABLE_CODE = YES;
				CLANG_WARN__DUPLICATE_METHOD_MATCH = YES;
				"CODE_SIGN_IDENTITY[sdk=iphoneos*]" = "iPhone Developer";
				COPY_PHASE_STRIP = NO;
				DEBUG_INFORMATION_FORMAT = "dwarf-with-dsym";
				ENABLE_NS_ASSERTIONS = NO;
				ENABLE_STRICT_OBJC_MSGSEND = YES;
				GCC_C_LANGUAGE_STANDARD = gnu99;
				GCC_NO_COMMON_BLOCKS = YES;
				GCC_WARN_64_TO_32_BIT_CONVERSION = YES;
				GCC_WARN_ABOUT_RETURN_TYPE = YES_ERROR;
				GCC_WARN_UNDECLARED_SELECTOR = YES;
				GCC_WARN_UNINITIALIZED_AUTOS = YES_AGGRESSIVE;
				GCC_WARN_UNUSED_FUNCTION = YES;
				GCC_WARN_UNUSED_VARIABLE = YES;
				IPHONEOS_DEPLOYMENT_TARGET = 10.3;
				MTL_ENABLE_DEBUG_INFO = NO;
				SDKROOT = iphoneos;
				TARGETED_DEVICE_FAMILY = "1,2";
				VALIDATE_PRODUCT = YES;
			};
			name = Release;
		};
		C9B95FBB1F32C1BD001B5798 /* Debug */ = {
			isa = XCBuildConfiguration;
			baseConfigurationReference = A3DCEC375CCF7713D3651DE3 /* Pods-PasswordFactory.debug.xcconfig */;
			buildSettings = {
				ASSETCATALOG_COMPILER_APPICON_NAME = AppIcon;
				DEVELOPMENT_TEAM = V6YC8HY3H7;
				INFOPLIST_FILE = PasswordFactory/Info.plist;
				LD_RUNPATH_SEARCH_PATHS = "$(inherited) @executable_path/Frameworks";
				PRODUCT_BUNDLE_IDENTIFIER = com.lilac.PasswordFactory;
				PRODUCT_NAME = "$(TARGET_NAME)";
			};
			name = Debug;
		};
		C9B95FBC1F32C1BD001B5798 /* Release */ = {
			isa = XCBuildConfiguration;
			baseConfigurationReference = 1D53815973432F60AC1C11A8 /* Pods-PasswordFactory.release.xcconfig */;
			buildSettings = {
				ASSETCATALOG_COMPILER_APPICON_NAME = AppIcon;
				DEVELOPMENT_TEAM = V6YC8HY3H7;
				INFOPLIST_FILE = PasswordFactory/Info.plist;
				LD_RUNPATH_SEARCH_PATHS = "$(inherited) @executable_path/Frameworks";
				PRODUCT_BUNDLE_IDENTIFIER = com.lilac.PasswordFactory;
				PRODUCT_NAME = "$(TARGET_NAME)";
			};
			name = Release;
		};
		C9B95FBE1F32C1BD001B5798 /* Debug */ = {
			isa = XCBuildConfiguration;
			baseConfigurationReference = FC4BD42C8CCA1C9A600EEE54 /* Pods-PasswordFactoryTests.debug.xcconfig */;
			buildSettings = {
				BUNDLE_LOADER = "$(TEST_HOST)";
				DEVELOPMENT_TEAM = V6YC8HY3H7;
				INFOPLIST_FILE = PasswordFactoryTests/Info.plist;
				LD_RUNPATH_SEARCH_PATHS = "$(inherited) @executable_path/Frameworks @loader_path/Frameworks";
				PRODUCT_BUNDLE_IDENTIFIER = com.lilac.PasswordFactoryTests;
				PRODUCT_NAME = "$(TARGET_NAME)";
				TEST_HOST = "$(BUILT_PRODUCTS_DIR)/PasswordFactory.app/PasswordFactory";
			};
			name = Debug;
		};
		C9B95FBF1F32C1BD001B5798 /* Release */ = {
			isa = XCBuildConfiguration;
			baseConfigurationReference = B5135270438D56CC8773AFB0 /* Pods-PasswordFactoryTests.release.xcconfig */;
			buildSettings = {
				BUNDLE_LOADER = "$(TEST_HOST)";
				DEVELOPMENT_TEAM = V6YC8HY3H7;
				INFOPLIST_FILE = PasswordFactoryTests/Info.plist;
				LD_RUNPATH_SEARCH_PATHS = "$(inherited) @executable_path/Frameworks @loader_path/Frameworks";
				PRODUCT_BUNDLE_IDENTIFIER = com.lilac.PasswordFactoryTests;
				PRODUCT_NAME = "$(TARGET_NAME)";
				TEST_HOST = "$(BUILT_PRODUCTS_DIR)/PasswordFactory.app/PasswordFactory";
			};
			name = Release;
		};
		C9B95FC11F32C1BD001B5798 /* Debug */ = {
			isa = XCBuildConfiguration;
			baseConfigurationReference = 36C1C15986779B62AC293155 /* Pods-PasswordFactoryUITests.debug.xcconfig */;
			buildSettings = {
				DEVELOPMENT_TEAM = V6YC8HY3H7;
				INFOPLIST_FILE = PasswordFactoryUITests/Info.plist;
				LD_RUNPATH_SEARCH_PATHS = "$(inherited) @executable_path/Frameworks @loader_path/Frameworks";
				PRODUCT_BUNDLE_IDENTIFIER = com.lilac.PasswordFactoryUITests;
				PRODUCT_NAME = "$(TARGET_NAME)";
				TEST_TARGET_NAME = PasswordFactory;
			};
			name = Debug;
		};
		C9B95FC21F32C1BD001B5798 /* Release */ = {
			isa = XCBuildConfiguration;
			baseConfigurationReference = BE63DE994D4282161DEF73B6 /* Pods-PasswordFactoryUITests.release.xcconfig */;
			buildSettings = {
				DEVELOPMENT_TEAM = V6YC8HY3H7;
				INFOPLIST_FILE = PasswordFactoryUITests/Info.plist;
				LD_RUNPATH_SEARCH_PATHS = "$(inherited) @executable_path/Frameworks @loader_path/Frameworks";
				PRODUCT_BUNDLE_IDENTIFIER = com.lilac.PasswordFactoryUITests;
				PRODUCT_NAME = "$(TARGET_NAME)";
				TEST_TARGET_NAME = PasswordFactory;
			};
			name = Release;
		};
/* End XCBuildConfiguration section */

/* Begin XCConfigurationList section */
		C9B95F881F32C1BD001B5798 /* Build configuration list for PBXProject "PasswordFactory" */ = {
			isa = XCConfigurationList;
			buildConfigurations = (
				C9B95FB81F32C1BD001B5798 /* Debug */,
				C9B95FB91F32C1BD001B5798 /* Release */,
			);
			defaultConfigurationIsVisible = 0;
			defaultConfigurationName = Release;
		};
		C9B95FBA1F32C1BD001B5798 /* Build configuration list for PBXNativeTarget "PasswordFactory" */ = {
			isa = XCConfigurationList;
			buildConfigurations = (
				C9B95FBB1F32C1BD001B5798 /* Debug */,
				C9B95FBC1F32C1BD001B5798 /* Release */,
			);
			defaultConfigurationIsVisible = 0;
		};
		C9B95FBD1F32C1BD001B5798 /* Build configuration list for PBXNativeTarget "PasswordFactoryTests" */ = {
			isa = XCConfigurationList;
			buildConfigurations = (
				C9B95FBE1F32C1BD001B5798 /* Debug */,
				C9B95FBF1F32C1BD001B5798 /* Release */,
			);
			defaultConfigurationIsVisible = 0;
		};
		C9B95FC01F32C1BD001B5798 /* Build configuration list for PBXNativeTarget "PasswordFactoryUITests" */ = {
			isa = XCConfigurationList;
			buildConfigurations = (
				C9B95FC11F32C1BD001B5798 /* Debug */,
				C9B95FC21F32C1BD001B5798 /* Release */,
			);
			defaultConfigurationIsVisible = 0;
		};
/* End XCConfigurationList section */
	};
	rootObject = C9B95F851F32C1BD001B5798 /* Project object */;
}
